// !$*UTF8*$!
{
	archiveVersion = 1;
	classes = {
	};
	objectVersion = 46;
	objects = {

/* Begin PBXBuildFile section */
		1A2968431F36355500109E31 /* AppDelegate.swift in Sources */ = {isa = PBXBuildFile; fileRef = 1A2968421F36355500109E31 /* AppDelegate.swift */; };
		1A2968451F36355500109E31 /* ViewController.swift in Sources */ = {isa = PBXBuildFile; fileRef = 1A2968441F36355500109E31 /* ViewController.swift */; };
		1A2968481F36355500109E31 /* Main.storyboard in Resources */ = {isa = PBXBuildFile; fileRef = 1A2968461F36355500109E31 /* Main.storyboard */; };
		1A29684A1F36355500109E31 /* Assets.xcassets in Resources */ = {isa = PBXBuildFile; fileRef = 1A2968491F36355500109E31 /* Assets.xcassets */; };
		1A29684D1F36355500109E31 /* LaunchScreen.storyboard in Resources */ = {isa = PBXBuildFile; fileRef = 1A29684B1F36355500109E31 /* LaunchScreen.storyboard */; };
		1A790E4A1F374D98001FC8BB /* RouteTypes.swift in Sources */ = {isa = PBXBuildFile; fileRef = 1A790E491F374D98001FC8BB /* RouteTypes.swift */; };
		1A790E4C1F374DAD001FC8BB /* Constants.swift in Sources */ = {isa = PBXBuildFile; fileRef = 1A790E4B1F374DAD001FC8BB /* Constants.swift */; };
		1A790E4E1F374E1C001FC8BB /* ServiceManager.swift in Sources */ = {isa = PBXBuildFile; fileRef = 1A790E4D1F374E1C001FC8BB /* ServiceManager.swift */; };
		1A790E551F375209001FC8BB /* TabsViewController.swift in Sources */ = {isa = PBXBuildFile; fileRef = 1A790E541F375209001FC8BB /* TabsViewController.swift */; };
		1A790E571F3752F2001FC8BB /* RoutineListViewController.swift in Sources */ = {isa = PBXBuildFile; fileRef = 1A790E561F3752F2001FC8BB /* RoutineListViewController.swift */; };
		1A790E591F3753D7001FC8BB /* CurrentRoutineViewController.swift in Sources */ = {isa = PBXBuildFile; fileRef = 1A790E581F3753D7001FC8BB /* CurrentRoutineViewController.swift */; };
		1A790E5B1F37576D001FC8BB /* CurrentRoutine.storyboard in Resources */ = {isa = PBXBuildFile; fileRef = 1A790E5A1F37576D001FC8BB /* CurrentRoutine.storyboard */; };
		1A790E5D1F3759E0001FC8BB /* R.generated.swift in Sources */ = {isa = PBXBuildFile; fileRef = 1A790E5C1F3759E0001FC8BB /* R.generated.swift */; };
		1A790E601F375B6E001FC8BB /* LineChart.swift in Sources */ = {isa = PBXBuildFile; fileRef = 1A790E5F1F375B6E001FC8BB /* LineChart.swift */; };
		4D267A92681C1F14017644AF /* Pods_BioMonitor.framework in Frameworks */ = {isa = PBXBuildFile; fileRef = FAF6B4A823ACA2D9D9A2A39F /* Pods_BioMonitor.framework */; };
/* End PBXBuildFile section */

/* Begin PBXFileReference section */
		1A29683F1F36355500109E31 /* BioMonitor.app */ = {isa = PBXFileReference; explicitFileType = wrapper.application; includeInIndex = 0; path = BioMonitor.app; sourceTree = BUILT_PRODUCTS_DIR; };
		1A2968421F36355500109E31 /* AppDelegate.swift */ = {isa = PBXFileReference; lastKnownFileType = sourcecode.swift; path = AppDelegate.swift; sourceTree = "<group>"; };
		1A2968441F36355500109E31 /* ViewController.swift */ = {isa = PBXFileReference; lastKnownFileType = sourcecode.swift; path = ViewController.swift; sourceTree = "<group>"; };
		1A2968471F36355500109E31 /* Base */ = {isa = PBXFileReference; lastKnownFileType = file.storyboard; name = Base; path = Base.lproj/Main.storyboard; sourceTree = "<group>"; };
		1A2968491F36355500109E31 /* Assets.xcassets */ = {isa = PBXFileReference; lastKnownFileType = folder.assetcatalog; path = Assets.xcassets; sourceTree = "<group>"; };
		1A29684C1F36355500109E31 /* Base */ = {isa = PBXFileReference; lastKnownFileType = file.storyboard; name = Base; path = Base.lproj/LaunchScreen.storyboard; sourceTree = "<group>"; };
		1A29684E1F36355500109E31 /* Info.plist */ = {isa = PBXFileReference; lastKnownFileType = text.plist.xml; path = Info.plist; sourceTree = "<group>"; };
		1A790E491F374D98001FC8BB /* RouteTypes.swift */ = {isa = PBXFileReference; fileEncoding = 4; lastKnownFileType = sourcecode.swift; name = RouteTypes.swift; path = Networking/RouteTypes.swift; sourceTree = "<group>"; };
		1A790E4B1F374DAD001FC8BB /* Constants.swift */ = {isa = PBXFileReference; fileEncoding = 4; lastKnownFileType = sourcecode.swift; path = Constants.swift; sourceTree = "<group>"; };
		1A790E4D1F374E1C001FC8BB /* ServiceManager.swift */ = {isa = PBXFileReference; fileEncoding = 4; lastKnownFileType = sourcecode.swift; name = ServiceManager.swift; path = Networking/ServiceManager.swift; sourceTree = "<group>"; };
		1A790E541F375209001FC8BB /* TabsViewController.swift */ = {isa = PBXFileReference; fileEncoding = 4; lastKnownFileType = sourcecode.swift; name = TabsViewController.swift; path = Scenes/Navigation/TabsViewController.swift; sourceTree = "<group>"; };
		1A790E561F3752F2001FC8BB /* RoutineListViewController.swift */ = {isa = PBXFileReference; fileEncoding = 4; lastKnownFileType = sourcecode.swift; name = RoutineListViewController.swift; path = Scenes/Routines/List/RoutineListViewController.swift; sourceTree = "<group>"; };
		1A790E581F3753D7001FC8BB /* CurrentRoutineViewController.swift */ = {isa = PBXFileReference; fileEncoding = 4; lastKnownFileType = sourcecode.swift; name = CurrentRoutineViewController.swift; path = Scenes/Routines/Current/CurrentRoutineViewController.swift; sourceTree = "<group>"; };
		1A790E5A1F37576D001FC8BB /* CurrentRoutine.storyboard */ = {isa = PBXFileReference; fileEncoding = 4; lastKnownFileType = file.storyboard; name = CurrentRoutine.storyboard; path = Scenes/Routines/Current/CurrentRoutine.storyboard; sourceTree = "<group>"; };
		1A790E5C1F3759E0001FC8BB /* R.generated.swift */ = {isa = PBXFileReference; fileEncoding = 4; lastKnownFileType = sourcecode.swift; path = R.generated.swift; sourceTree = SOURCE_ROOT; };
		1A790E5F1F375B6E001FC8BB /* LineChart.swift */ = {isa = PBXFileReference; fileEncoding = 4; lastKnownFileType = sourcecode.swift; name = LineChart.swift; path = Scenes/Routines/Charts/LineChart.swift; sourceTree = "<group>"; };
		4511027578F3D4BD1258E2DC /* Pods-BioMonitor.debug.xcconfig */ = {isa = PBXFileReference; includeInIndex = 1; lastKnownFileType = text.xcconfig; name = "Pods-BioMonitor.debug.xcconfig"; path = "Pods/Target Support Files/Pods-BioMonitor/Pods-BioMonitor.debug.xcconfig"; sourceTree = "<group>"; };
		82AB9DC565FDDEDE2015D01B /* Pods-BioMonitor.release.xcconfig */ = {isa = PBXFileReference; includeInIndex = 1; lastKnownFileType = text.xcconfig; name = "Pods-BioMonitor.release.xcconfig"; path = "Pods/Target Support Files/Pods-BioMonitor/Pods-BioMonitor.release.xcconfig"; sourceTree = "<group>"; };
		FAF6B4A823ACA2D9D9A2A39F /* Pods_BioMonitor.framework */ = {isa = PBXFileReference; explicitFileType = wrapper.framework; includeInIndex = 0; path = Pods_BioMonitor.framework; sourceTree = BUILT_PRODUCTS_DIR; };
/* End PBXFileReference section */

/* Begin PBXFrameworksBuildPhase section */
		1A29683C1F36355500109E31 /* Frameworks */ = {
			isa = PBXFrameworksBuildPhase;
			buildActionMask = 2147483647;
			files = (
				4D267A92681C1F14017644AF /* Pods_BioMonitor.framework in Frameworks */,
			);
			runOnlyForDeploymentPostprocessing = 0;
		};
/* End PBXFrameworksBuildPhase section */

/* Begin PBXGroup section */
		0981330D1C0DE6371D4B1CFC /* Frameworks */ = {
			isa = PBXGroup;
			children = (
				FAF6B4A823ACA2D9D9A2A39F /* Pods_BioMonitor.framework */,
			);
			name = Frameworks;
			sourceTree = "<group>";
		};
		105CEBCDBB1B9596DC6703FF /* Pods */ = {
			isa = PBXGroup;
			children = (
				4511027578F3D4BD1258E2DC /* Pods-BioMonitor.debug.xcconfig */,
				82AB9DC565FDDEDE2015D01B /* Pods-BioMonitor.release.xcconfig */,
			);
			name = Pods;
			sourceTree = "<group>";
		};
		1A2968361F36355500109E31 = {
			isa = PBXGroup;
			children = (
				1A2968411F36355500109E31 /* BioMonitor */,
				1A2968401F36355500109E31 /* Products */,
				105CEBCDBB1B9596DC6703FF /* Pods */,
				0981330D1C0DE6371D4B1CFC /* Frameworks */,
			);
			sourceTree = "<group>";
		};
		1A2968401F36355500109E31 /* Products */ = {
			isa = PBXGroup;
			children = (
				1A29683F1F36355500109E31 /* BioMonitor.app */,
			);
			name = Products;
			sourceTree = "<group>";
		};
		1A2968411F36355500109E31 /* BioMonitor */ = {
			isa = PBXGroup;
			children = (
				1A790E5C1F3759E0001FC8BB /* R.generated.swift */,
				1A75F4FA1F36893300D35E17 /* Networking */,
				1A75F4F91F36891000D35E17 /* Scenes */,
				1A75F4F81F3688F900D35E17 /* Support files */,
			);
			path = BioMonitor;
			sourceTree = "<group>";
		};
		1A75F4F81F3688F900D35E17 /* Support files */ = {
			isa = PBXGroup;
			children = (
				1A29684B1F36355500109E31 /* LaunchScreen.storyboard */,
				1A2968491F36355500109E31 /* Assets.xcassets */,
				1A29684E1F36355500109E31 /* Info.plist */,
				1A2968421F36355500109E31 /* AppDelegate.swift */,
				1A790E4B1F374DAD001FC8BB /* Constants.swift */,
			);
			name = "Support files";
			sourceTree = "<group>";
		};
		1A75F4F91F36891000D35E17 /* Scenes */ = {
			isa = PBXGroup;
			children = (
				1A75F4FD1F36898300D35E17 /* Routines */,
				1A75F4FB1F36896E00D35E17 /* Navigation */,
			);
			name = Scenes;
			sourceTree = "<group>";
		};
		1A75F4FA1F36893300D35E17 /* Networking */ = {
			isa = PBXGroup;
			children = (
				1A790E491F374D98001FC8BB /* RouteTypes.swift */,
				1A790E4D1F374E1C001FC8BB /* ServiceManager.swift */,
			);
			name = Networking;
			sourceTree = "<group>";
		};
		1A75F4FB1F36896E00D35E17 /* Navigation */ = {
			isa = PBXGroup;
			children = (
				1A2968461F36355500109E31 /* Main.storyboard */,
				1A2968441F36355500109E31 /* ViewController.swift */,
				1A790E541F375209001FC8BB /* TabsViewController.swift */,
			);
			name = Navigation;
			sourceTree = "<group>";
		};
		1A75F4FD1F36898300D35E17 /* Routines */ = {
			isa = PBXGroup;
			children = (
				1A790E5E1F375B54001FC8BB /* Charts */,
				1A75F4FF1F36899500D35E17 /* List */,
				1A75F4FE1F36898F00D35E17 /* Current */,
			);
			name = Routines;
			sourceTree = "<group>";
		};
		1A75F4FE1F36898F00D35E17 /* Current */ = {
			isa = PBXGroup;
			children = (
				1A790E581F3753D7001FC8BB /* CurrentRoutineViewController.swift */,
				1A790E5A1F37576D001FC8BB /* CurrentRoutine.storyboard */,
			);
			name = Current;
			sourceTree = "<group>";
		};
		1A75F4FF1F36899500D35E17 /* List */ = {
			isa = PBXGroup;
			children = (
				1A790E561F3752F2001FC8BB /* RoutineListViewController.swift */,
			);
			name = List;
			sourceTree = "<group>";
		};
		1A790E5E1F375B54001FC8BB /* Charts */ = {
			isa = PBXGroup;
			children = (
				1A790E5F1F375B6E001FC8BB /* LineChart.swift */,
			);
			name = Charts;
			sourceTree = "<group>";
		};
/* End PBXGroup section */

/* Begin PBXNativeTarget section */
		1A29683E1F36355500109E31 /* BioMonitor */ = {
			isa = PBXNativeTarget;
			buildConfigurationList = 1A2968511F36355500109E31 /* Build configuration list for PBXNativeTarget "BioMonitor" */;
			buildPhases = (
				FBB7C7E5AA8E7547DBB6060D /* [CP] Check Pods Manifest.lock */,
				1A790E511F375071001FC8BB /* R.swift */,
				1A29683B1F36355500109E31 /* Sources */,
				1A29683C1F36355500109E31 /* Frameworks */,
				1A29683D1F36355500109E31 /* Resources */,
				A08DE371F31FFF5E731D2BCB /* [CP] Embed Pods Frameworks */,
				D01CF695F812B5582ABD16FF /* [CP] Copy Pods Resources */,
			);
			buildRules = (
			);
			dependencies = (
			);
			name = BioMonitor;
			productName = BioMonitor;
			productReference = 1A29683F1F36355500109E31 /* BioMonitor.app */;
			productType = "com.apple.product-type.application";
		};
/* End PBXNativeTarget section */

/* Begin PBXProject section */
		1A2968371F36355500109E31 /* Project object */ = {
			isa = PBXProject;
			attributes = {
				LastSwiftUpdateCheck = 0830;
				LastUpgradeCheck = 0830;
				ORGANIZATIONNAME = "Open Fermentor";
				TargetAttributes = {
					1A29683E1F36355500109E31 = {
						CreatedOnToolsVersion = 8.3.3;
						ProvisioningStyle = Automatic;
					};
				};
			};
			buildConfigurationList = 1A29683A1F36355500109E31 /* Build configuration list for PBXProject "BioMonitor" */;
			compatibilityVersion = "Xcode 3.2";
			developmentRegion = English;
			hasScannedForEncodings = 0;
			knownRegions = (
				en,
				Base,
			);
			mainGroup = 1A2968361F36355500109E31;
			productRefGroup = 1A2968401F36355500109E31 /* Products */;
			projectDirPath = "";
			projectRoot = "";
			targets = (
				1A29683E1F36355500109E31 /* BioMonitor */,
			);
		};
/* End PBXProject section */

/* Begin PBXResourcesBuildPhase section */
		1A29683D1F36355500109E31 /* Resources */ = {
			isa = PBXResourcesBuildPhase;
			buildActionMask = 2147483647;
			files = (
				1A29684D1F36355500109E31 /* LaunchScreen.storyboard in Resources */,
				1A790E5B1F37576D001FC8BB /* CurrentRoutine.storyboard in Resources */,
				1A29684A1F36355500109E31 /* Assets.xcassets in Resources */,
				1A2968481F36355500109E31 /* Main.storyboard in Resources */,
			);
			runOnlyForDeploymentPostprocessing = 0;
		};
/* End PBXResourcesBuildPhase section */

/* Begin PBXShellScriptBuildPhase section */
		1A790E511F375071001FC8BB /* R.swift */ = {
			isa = PBXShellScriptBuildPhase;
			buildActionMask = 2147483647;
			files = (
			);
			inputPaths = (
			);
			name = R.swift;
			outputPaths = (
			);
			runOnlyForDeploymentPostprocessing = 0;
			shellPath = /bin/sh;
			shellScript = "\"$PODS_ROOT/R.swift/rswift\" \"$SRCROOT\"\n";
		};
		A08DE371F31FFF5E731D2BCB /* [CP] Embed Pods Frameworks */ = {
			isa = PBXShellScriptBuildPhase;
			buildActionMask = 2147483647;
			files = (
			);
			inputPaths = (
			);
			name = "[CP] Embed Pods Frameworks";
			outputPaths = (
			);
			runOnlyForDeploymentPostprocessing = 0;
			shellPath = /bin/sh;
			shellScript = "\"${SRCROOT}/Pods/Target Support Files/Pods-BioMonitor/Pods-BioMonitor-frameworks.sh\"\n";
			showEnvVarsInLog = 0;
		};
		D01CF695F812B5582ABD16FF /* [CP] Copy Pods Resources */ = {
			isa = PBXShellScriptBuildPhase;
			buildActionMask = 2147483647;
			files = (
			);
			inputPaths = (
			);
			name = "[CP] Copy Pods Resources";
			outputPaths = (
			);
			runOnlyForDeploymentPostprocessing = 0;
			shellPath = /bin/sh;
			shellScript = "\"${SRCROOT}/Pods/Target Support Files/Pods-BioMonitor/Pods-BioMonitor-resources.sh\"\n";
			showEnvVarsInLog = 0;
		};
		FBB7C7E5AA8E7547DBB6060D /* [CP] Check Pods Manifest.lock */ = {
			isa = PBXShellScriptBuildPhase;
			buildActionMask = 2147483647;
			files = (
			);
			inputPaths = (
			);
			name = "[CP] Check Pods Manifest.lock";
			outputPaths = (
			);
			runOnlyForDeploymentPostprocessing = 0;
			shellPath = /bin/sh;
			shellScript = "diff \"${PODS_PODFILE_DIR_PATH}/Podfile.lock\" \"${PODS_ROOT}/Manifest.lock\" > /dev/null\nif [ $? != 0 ] ; then\n    # print error to STDERR\n    echo \"error: The sandbox is not in sync with the Podfile.lock. Run 'pod install' or update your CocoaPods installation.\" >&2\n    exit 1\nfi\n";
			showEnvVarsInLog = 0;
		};
/* End PBXShellScriptBuildPhase section */

/* Begin PBXSourcesBuildPhase section */
		1A29683B1F36355500109E31 /* Sources */ = {
			isa = PBXSourcesBuildPhase;
			buildActionMask = 2147483647;
			files = (
				1A2968451F36355500109E31 /* ViewController.swift in Sources */,
				1A790E551F375209001FC8BB /* TabsViewController.swift in Sources */,
				1A790E5D1F3759E0001FC8BB /* R.generated.swift in Sources */,
				1A2968431F36355500109E31 /* AppDelegate.swift in Sources */,
				1A790E601F375B6E001FC8BB /* LineChart.swift in Sources */,
				1A790E571F3752F2001FC8BB /* RoutineListViewController.swift in Sources */,
				1A790E4A1F374D98001FC8BB /* RouteTypes.swift in Sources */,
				1A790E591F3753D7001FC8BB /* CurrentRoutineViewController.swift in Sources */,
				1A790E4C1F374DAD001FC8BB /* Constants.swift in Sources */,
				1A790E4E1F374E1C001FC8BB /* ServiceManager.swift in Sources */,
			);
			runOnlyForDeploymentPostprocessing = 0;
		};
/* End PBXSourcesBuildPhase section */

/* Begin PBXVariantGroup section */
		1A2968461F36355500109E31 /* Main.storyboard */ = {
			isa = PBXVariantGroup;
			children = (
				1A2968471F36355500109E31 /* Base */,
			);
			name = Main.storyboard;
			sourceTree = "<group>";
		};
		1A29684B1F36355500109E31 /* LaunchScreen.storyboard */ = {
			isa = PBXVariantGroup;
			children = (
				1A29684C1F36355500109E31 /* Base */,
			);
			name = LaunchScreen.storyboard;
			sourceTree = "<group>";
		};
/* End PBXVariantGroup section */

/* Begin XCBuildConfiguration section */
		1A29684F1F36355500109E31 /* Debug */ = {
			isa = XCBuildConfiguration;
			buildSettings = {
				ALWAYS_SEARCH_USER_PATHS = NO;
				CLANG_ANALYZER_NONNULL = YES;
				CLANG_ANALYZER_NUMBER_OBJECT_CONVERSION = YES_AGGRESSIVE;
				CLANG_CXX_LANGUAGE_STANDARD = "gnu++0x";
				CLANG_CXX_LIBRARY = "libc++";
				CLANG_ENABLE_MODULES = YES;
				CLANG_ENABLE_OBJC_ARC = YES;
				CLANG_WARN_BOOL_CONVERSION = YES;
				CLANG_WARN_CONSTANT_CONVERSION = YES;
				CLANG_WARN_DIRECT_OBJC_ISA_USAGE = YES_ERROR;
				CLANG_WARN_DOCUMENTATION_COMMENTS = YES;
				CLANG_WARN_EMPTY_BODY = YES;
				CLANG_WARN_ENUM_CONVERSION = YES;
				CLANG_WARN_INFINITE_RECURSION = YES;
				CLANG_WARN_INT_CONVERSION = YES;
				CLANG_WARN_OBJC_ROOT_CLASS = YES_ERROR;
				CLANG_WARN_SUSPICIOUS_MOVE = YES;
				CLANG_WARN_UNREACHABLE_CODE = YES;
				CLANG_WARN__DUPLICATE_METHOD_MATCH = YES;
				"CODE_SIGN_IDENTITY[sdk=iphoneos*]" = "iPhone Developer";
				COPY_PHASE_STRIP = NO;
				DEBUG_INFORMATION_FORMAT = dwarf;
				ENABLE_STRICT_OBJC_MSGSEND = YES;
				ENABLE_TESTABILITY = YES;
				GCC_C_LANGUAGE_STANDARD = gnu99;
				GCC_DYNAMIC_NO_PIC = NO;
				GCC_NO_COMMON_BLOCKS = YES;
				GCC_OPTIMIZATION_LEVEL = 0;
				GCC_PREPROCESSOR_DEFINITIONS = (
					"DEBUG=1",
					"$(inherited)",
				);
				GCC_WARN_64_TO_32_BIT_CONVERSION = YES;
				GCC_WARN_ABOUT_RETURN_TYPE = YES_ERROR;
				GCC_WARN_UNDECLARED_SELECTOR = YES;
				GCC_WARN_UNINITIALIZED_AUTOS = YES_AGGRESSIVE;
				GCC_WARN_UNUSED_FUNCTION = YES;
				GCC_WARN_UNUSED_VARIABLE = YES;
				IPHONEOS_DEPLOYMENT_TARGET = 10.3;
				MTL_ENABLE_DEBUG_INFO = YES;
				ONLY_ACTIVE_ARCH = YES;
				SDKROOT = iphoneos;
				SWIFT_ACTIVE_COMPILATION_CONDITIONS = DEBUG;
				SWIFT_OPTIMIZATION_LEVEL = "-Onone";
			};
			name = Debug;
		};
		1A2968501F36355500109E31 /* Release */ = {
			isa = XCBuildConfiguration;
			buildSettings = {
				ALWAYS_SEARCH_USER_PATHS = NO;
				CLANG_ANALYZER_NONNULL = YES;
				CLANG_ANALYZER_NUMBER_OBJECT_CONVERSION = YES_AGGRESSIVE;
				CLANG_CXX_LANGUAGE_STANDARD = "gnu++0x";
				CLANG_CXX_LIBRARY = "libc++";
				CLANG_ENABLE_MODULES = YES;
				CLANG_ENABLE_OBJC_ARC = YES;
				CLANG_WARN_BOOL_CONVERSION = YES;
				CLANG_WARN_CONSTANT_CONVERSION = YES;
				CLANG_WARN_DIRECT_OBJC_ISA_USAGE = YES_ERROR;
				CLANG_WARN_DOCUMENTATION_COMMENTS = YES;
				CLANG_WARN_EMPTY_BODY = YES;
				CLANG_WARN_ENUM_CONVERSION = YES;
				CLANG_WARN_INFINITE_RECURSION = YES;
				CLANG_WARN_INT_CONVERSION = YES;
				CLANG_WARN_OBJC_ROOT_CLASS = YES_ERROR;
				CLANG_WARN_SUSPICIOUS_MOVE = YES;
				CLANG_WARN_UNREACHABLE_CODE = YES;
				CLANG_WARN__DUPLICATE_METHOD_MATCH = YES;
				"CODE_SIGN_IDENTITY[sdk=iphoneos*]" = "iPhone Developer";
				COPY_PHASE_STRIP = NO;
				DEBUG_INFORMATION_FORMAT = "dwarf-with-dsym";
				ENABLE_NS_ASSERTIONS = NO;
				ENABLE_STRICT_OBJC_MSGSEND = YES;
				GCC_C_LANGUAGE_STANDARD = gnu99;
				GCC_NO_COMMON_BLOCKS = YES;
				GCC_WARN_64_TO_32_BIT_CONVERSION = YES;
				GCC_WARN_ABOUT_RETURN_TYPE = YES_ERROR;
				GCC_WARN_UNDECLARED_SELECTOR = YES;
				GCC_WARN_UNINITIALIZED_AUTOS = YES_AGGRESSIVE;
				GCC_WARN_UNUSED_FUNCTION = YES;
				GCC_WARN_UNUSED_VARIABLE = YES;
				IPHONEOS_DEPLOYMENT_TARGET = 10.3;
				MTL_ENABLE_DEBUG_INFO = NO;
				SDKROOT = iphoneos;
				SWIFT_OPTIMIZATION_LEVEL = "-Owholemodule";
				VALIDATE_PRODUCT = YES;
			};
			name = Release;
		};
		1A2968521F36355500109E31 /* Debug */ = {
			isa = XCBuildConfiguration;
			baseConfigurationReference = 4511027578F3D4BD1258E2DC /* Pods-BioMonitor.debug.xcconfig */;
			buildSettings = {
				ASSETCATALOG_COMPILER_APPICON_NAME = AppIcon;
				INFOPLIST_FILE = BioMonitor/Info.plist;
				IPHONEOS_DEPLOYMENT_TARGET = 9.0;
				LD_RUNPATH_SEARCH_PATHS = "$(inherited) @executable_path/Frameworks";
				PRODUCT_BUNDLE_IDENTIFIER = com.openfermentor.BioMonitor;
				PRODUCT_NAME = "$(TARGET_NAME)";
				SWIFT_VERSION = 3.0;
			};
			name = Debug;
		};
		1A2968531F36355500109E31 /* Release */ = {
			isa = XCBuildConfiguration;
			baseConfigurationReference = 82AB9DC565FDDEDE2015D01B /* Pods-BioMonitor.release.xcconfig */;
			buildSettings = {
				ASSETCATALOG_COMPILER_APPICON_NAME = AppIcon;
				INFOPLIST_FILE = BioMonitor/Info.plist;
				IPHONEOS_DEPLOYMENT_TARGET = 9.0;
				LD_RUNPATH_SEARCH_PATHS = "$(inherited) @executable_path/Frameworks";
				PRODUCT_BUNDLE_IDENTIFIER = com.openfermentor.BioMonitor;
				PRODUCT_NAME = "$(TARGET_NAME)";
				SWIFT_VERSION = 3.0;
			};
			name = Release;
		};
/* End XCBuildConfiguration section */

/* Begin XCConfigurationList section */
		1A29683A1F36355500109E31 /* Build configuration list for PBXProject "BioMonitor" */ = {
			isa = XCConfigurationList;
			buildConfigurations = (
				1A29684F1F36355500109E31 /* Debug */,
				1A2968501F36355500109E31 /* Release */,
			);
			defaultConfigurationIsVisible = 0;
			defaultConfigurationName = Release;
		};
		1A2968511F36355500109E31 /* Build configuration list for PBXNativeTarget "BioMonitor" */ = {
			isa = XCConfigurationList;
			buildConfigurations = (
				1A2968521F36355500109E31 /* Debug */,
				1A2968531F36355500109E31 /* Release */,
			);
			defaultConfigurationIsVisible = 0;
			defaultConfigurationName = Release;
		};
/* End XCConfigurationList section */
	};
	rootObject = 1A2968371F36355500109E31 /* Project object */;
}
